
Microsoft Visual Studio Solution File, Format Version 12.00
# Visual Studio 2012
Project("{FAE04EC0-301F-11D3-BF4B-00C04F79EFBC}") = "Config.Console", "Console\Config.Console.csproj", "{3A4DCAF9-ED92-4B45-80F4-5857AB031B03}"
EndProject
Project("{FAE04EC0-301F-11D3-BF4B-00C04F79EFBC}") = "Config.Library", "Library\Config.Library.csproj", "{EBBF1E0D-BB19-4EE7-9877-D8CAE091024D}"
EndProject
Global
	GlobalSection(SolutionConfigurationPlatforms) = preSolution
		Debug|Any CPU = Debug|Any CPU
		Release|Any CPU = Release|Any CPU
	EndGlobalSection
	GlobalSection(ProjectConfigurationPlatforms) = postSolution
		{3A4DCAF9-ED92-4B45-80F4-5857AB031B03}.Debug|Any CPU.ActiveCfg = Debug|Any CPU
		{3A4DCAF9-ED92-4B45-80F4-5857AB031B03}.Debug|Any CPU.Build.0 = Debug|Any CPU
		{3A4DCAF9-ED92-4B45-80F4-5857AB031B03}.Release|Any CPU.ActiveCfg = Release|Any CPU
		{3A4DCAF9-ED92-4B45-80F4-5857AB031B03}.Release|Any CPU.Build.0 = Release|Any CPU
		{EBBF1E0D-BB19-4EE7-9877-D8CAE091024D}.Debug|Any CPU.ActiveCfg = Debug|Any CPU
		{EBBF1E0D-BB19-4EE7-9877-D8CAE091024D}.Debug|Any CPU.Build.0 = Debug|Any CPU
		{EBBF1E0D-BB19-4EE7-9877-D8CAE091024D}.Release|Any CPU.ActiveCfg = Release|Any CPU
		{EBBF1E0D-BB19-4EE7-9877-D8CAE091024D}.Release|Any CPU.Build.0 = Release|Any CPU
	EndGlobalSection
	GlobalSection(SolutionProperties) = preSolution
		HideSolutionNode = FALSE
	EndGlobalSection
EndGlobal
