
Microsoft Visual Studio Solution File, Format Version 12.00
# Visual Studio 2012
Project("{FAE04EC0-301F-11D3-BF4B-00C04F79EFBC}") = "Config.Console", "Console\Config.Console.csproj", "{3A4DCAF9-ED92-4B45-80F4-5857AB031B03}"
EndProject
Project("{FAE04EC0-301F-11D3-BF4B-00C04F79EFBC}") = "Config.Library", "Library\Config.Library.csproj", "{EBBF1E0D-BB19-4EE7-9877-D8CAE091024D}"
EndProject
Project("{2150E333-8FDC-42A3-9474-1A3956D46DE8}") = "files", "files", "{C61701B6-AAF1-4463-9AAE-CCA4112CDD8C}"
EndProject
Project("{2150E333-8FDC-42A3-9474-1A3956D46DE8}") = "templates", "templates", "{737ADCA8-F079-42A3-8216-8910401BC3F4}"
	ProjectSection(SolutionItems) = preProject
		..\docs\files\ebola-tracking.xslt = ..\docs\files\ebola-tracking.xslt
	EndProjectSection
EndProject
Project("{FAE04EC0-301F-11D3-BF4B-00C04F79EFBC}") = "Config.Test", "Tests\Config.Test.csproj", "{76C84A95-BF77-41EE-B71B-77B13630C191}"
EndProject
Global
	GlobalSection(SolutionConfigurationPlatforms) = preSolution
		Debug|Any CPU = Debug|Any CPU
		Release|Any CPU = Release|Any CPU
	EndGlobalSection
	GlobalSection(ProjectConfigurationPlatforms) = postSolution
		{3A4DCAF9-ED92-4B45-80F4-5857AB031B03}.Debug|Any CPU.ActiveCfg = Debug|Any CPU
		{3A4DCAF9-ED92-4B45-80F4-5857AB031B03}.Debug|Any CPU.Build.0 = Debug|Any CPU
		{3A4DCAF9-ED92-4B45-80F4-5857AB031B03}.Release|Any CPU.ActiveCfg = Release|Any CPU
		{3A4DCAF9-ED92-4B45-80F4-5857AB031B03}.Release|Any CPU.Build.0 = Release|Any CPU
		{EBBF1E0D-BB19-4EE7-9877-D8CAE091024D}.Debug|Any CPU.ActiveCfg = Debug|Any CPU
		{EBBF1E0D-BB19-4EE7-9877-D8CAE091024D}.Debug|Any CPU.Build.0 = Debug|Any CPU
		{EBBF1E0D-BB19-4EE7-9877-D8CAE091024D}.Release|Any CPU.ActiveCfg = Release|Any CPU
		{EBBF1E0D-BB19-4EE7-9877-D8CAE091024D}.Release|Any CPU.Build.0 = Release|Any CPU
		{76C84A95-BF77-41EE-B71B-77B13630C191}.Debug|Any CPU.ActiveCfg = Debug|Any CPU
		{76C84A95-BF77-41EE-B71B-77B13630C191}.Debug|Any CPU.Build.0 = Debug|Any CPU
		{76C84A95-BF77-41EE-B71B-77B13630C191}.Release|Any CPU.ActiveCfg = Release|Any CPU
		{76C84A95-BF77-41EE-B71B-77B13630C191}.Release|Any CPU.Build.0 = Release|Any CPU
	EndGlobalSection
	GlobalSection(SolutionProperties) = preSolution
		HideSolutionNode = FALSE
	EndGlobalSection
	GlobalSection(NestedProjects) = preSolution
		{737ADCA8-F079-42A3-8216-8910401BC3F4} = {C61701B6-AAF1-4463-9AAE-CCA4112CDD8C}
	EndGlobalSection
EndGlobal
